
Microsoft Visual Studio Solution File, Format Version 12.00
# Visual Studio Version 17
VisualStudioVersion = 17.0.31903.59
MinimumVisualStudioVersion = 10.0.40219.1
Project("{9A19103F-16F7-4668-BE54-9A1E7A4F7556}") = "Example01", "src\Example01\Example01.csproj", "{950E7571-6D55-4F0F-B8A4-B4E3B2DA55D1}"
EndProject
Project("{2150E333-8FDC-42A3-9474-1A3956D46DE8}") = "Solution Items", "Solution Items", "{BE06685D-6829-457C-9E05-36E16201306A}"
	ProjectSection(SolutionItems) = preProject
		README.md = README.md
		.github\workflows\ci.yml = .github\workflows\ci.yml
		Directory.Packages.props = Directory.Packages.props
		Directory.Build.props = Directory.Build.props
		.editorconfig = .editorconfig
	EndProjectSection
EndProject
Project("{2150E333-8FDC-42A3-9474-1A3956D46DE8}") = "Tests", "Tests", "{122A47DB-BE2A-454A-840A-5E16CC4463D2}"
EndProject
Project("{9A19103F-16F7-4668-BE54-9A1E7A4F7556}") = "Example01.Tests", "test\Example01.Tests\Example01.Tests.csproj", "{84575E54-B248-4991-BAA6-01CC873BC998}"
EndProject
Project("{2150E333-8FDC-42A3-9474-1A3956D46DE8}") = "Files", "Files", "{4BFFB420-5044-4627-A521-0EFB26ADA043}"
	ProjectSection(SolutionItems) = preProject
		files\bar.csv = files\bar.csv
		files\foo.csv = files\foo.csv
		files\foobar.csv = files\foobar.csv
	EndProjectSection
EndProject
Project("{FAE04EC0-301F-11D3-BF4B-00C04F79EFBC}") = "Example02", "src\Example02\Example02.csproj", "{980D9087-6121-4061-AEBA-B1037BBA9B28}"
EndProject
Project("{FAE04EC0-301F-11D3-BF4B-00C04F79EFBC}") = "Example02.Tests", "test\Example02.Tests\Example02.Tests.csproj", "{CE52DE70-BDE3-4A1C-B03D-07A109CAD329}"
EndProject
Global
	GlobalSection(SolutionConfigurationPlatforms) = preSolution
		Debug|Any CPU = Debug|Any CPU
		Release|Any CPU = Release|Any CPU
	EndGlobalSection
	GlobalSection(ProjectConfigurationPlatforms) = postSolution
		{950E7571-6D55-4F0F-B8A4-B4E3B2DA55D1}.Debug|Any CPU.ActiveCfg = Debug|Any CPU
		{950E7571-6D55-4F0F-B8A4-B4E3B2DA55D1}.Debug|Any CPU.Build.0 = Debug|Any CPU
		{950E7571-6D55-4F0F-B8A4-B4E3B2DA55D1}.Release|Any CPU.ActiveCfg = Release|Any CPU
		{950E7571-6D55-4F0F-B8A4-B4E3B2DA55D1}.Release|Any CPU.Build.0 = Release|Any CPU
		{84575E54-B248-4991-BAA6-01CC873BC998}.Debug|Any CPU.ActiveCfg = Debug|Any CPU
		{84575E54-B248-4991-BAA6-01CC873BC998}.Debug|Any CPU.Build.0 = Debug|Any CPU
		{84575E54-B248-4991-BAA6-01CC873BC998}.Release|Any CPU.ActiveCfg = Release|Any CPU
		{84575E54-B248-4991-BAA6-01CC873BC998}.Release|Any CPU.Build.0 = Release|Any CPU
		{980D9087-6121-4061-AEBA-B1037BBA9B28}.Debug|Any CPU.ActiveCfg = Debug|Any CPU
		{980D9087-6121-4061-AEBA-B1037BBA9B28}.Debug|Any CPU.Build.0 = Debug|Any CPU
		{980D9087-6121-4061-AEBA-B1037BBA9B28}.Release|Any CPU.ActiveCfg = Release|Any CPU
		{980D9087-6121-4061-AEBA-B1037BBA9B28}.Release|Any CPU.Build.0 = Release|Any CPU
		{CE52DE70-BDE3-4A1C-B03D-07A109CAD329}.Debug|Any CPU.ActiveCfg = Debug|Any CPU
		{CE52DE70-BDE3-4A1C-B03D-07A109CAD329}.Debug|Any CPU.Build.0 = Debug|Any CPU
		{CE52DE70-BDE3-4A1C-B03D-07A109CAD329}.Release|Any CPU.ActiveCfg = Release|Any CPU
		{CE52DE70-BDE3-4A1C-B03D-07A109CAD329}.Release|Any CPU.Build.0 = Release|Any CPU
	EndGlobalSection
	GlobalSection(SolutionProperties) = preSolution
		HideSolutionNode = FALSE
	EndGlobalSection
	GlobalSection(NestedProjects) = preSolution
		{84575E54-B248-4991-BAA6-01CC873BC998} = {122A47DB-BE2A-454A-840A-5E16CC4463D2}
		{4BFFB420-5044-4627-A521-0EFB26ADA043} = {BE06685D-6829-457C-9E05-36E16201306A}
		{CE52DE70-BDE3-4A1C-B03D-07A109CAD329} = {122A47DB-BE2A-454A-840A-5E16CC4463D2}
	EndGlobalSection
EndGlobal
